
Microsoft Visual Studio Solution File, Format Version 12.00
# Visual Studio Version 16
VisualStudioVersion = 16.0.32106.194
MinimumVisualStudioVersion = 10.0.40219.1
Project("{FAE04EC0-301F-11D3-BF4B-00C04F79EFBC}") = "UniCo", "UniCo\UniCo.csproj", "{5C873B97-3440-40E5-957E-3953D6ACB70B}"
EndProject
Global
	GlobalSection(SolutionConfigurationPlatforms) = preSolution
		Debug|Any CPU = Debug|Any CPU
		Release|Any CPU = Release|Any CPU
	EndGlobalSection
	GlobalSection(ProjectConfigurationPlatforms) = postSolution
		{5C873B97-3440-40E5-957E-3953D6ACB70B}.Debug|Any CPU.ActiveCfg = Debug|Any CPU
		{5C873B97-3440-40E5-957E-3953D6ACB70B}.Debug|Any CPU.Build.0 = Debug|Any CPU
		{5C873B97-3440-40E5-957E-3953D6ACB70B}.Release|Any CPU.ActiveCfg = Release|Any CPU
		{5C873B97-3440-40E5-957E-3953D6ACB70B}.Release|Any CPU.Build.0 = Release|Any CPU
	EndGlobalSection
	GlobalSection(SolutionProperties) = preSolution
		HideSolutionNode = FALSE
	EndGlobalSection
	GlobalSection(ExtensibilityGlobals) = postSolution
		SolutionGuid = {C99A706C-EFA2-4E00-9AA2-1332ADD5478A}
	EndGlobalSection
EndGlobal
